
Microsoft Visual Studio Solution File, Format Version 12.00
# Visual Studio Version 16
VisualStudioVersion = 16.0.31321.278
MinimumVisualStudioVersion = 10.0.40219.1
Project("{8BC9CEB8-8B4A-11D0-8D11-00A0C91BC942}") = "SAE_Framework", "SAE_Framework\SAE_Framework.vcxproj", "{3EA58CA2-F5D3-486C-9859-D838F13CC5A0}"
EndProject
Project("{8BC9CEB8-8B4A-11D0-8D11-00A0C91BC942}") = "GLAD", "SAE_Framework\dependencies\GLAD\GLAD.vcxproj", "{B0F58043-2F21-40D8-A3DD-F2EB63BE3A90}"
EndProject
Global
	GlobalSection(SolutionConfigurationPlatforms) = preSolution
		Debug|x64 = Debug|x64
		Debug|x86 = Debug|x86
		Release|x64 = Release|x64
		Release|x86 = Release|x86
	EndGlobalSection
	GlobalSection(ProjectConfigurationPlatforms) = postSolution
		{3EA58CA2-F5D3-486C-9859-D838F13CC5A0}.Debug|x64.ActiveCfg = Debug|x64
		{3EA58CA2-F5D3-486C-9859-D838F13CC5A0}.Debug|x64.Build.0 = Debug|x64
		{3EA58CA2-F5D3-486C-9859-D838F13CC5A0}.Debug|x86.ActiveCfg = Debug|Win32
		{3EA58CA2-F5D3-486C-9859-D838F13CC5A0}.Debug|x86.Build.0 = Debug|Win32
		{3EA58CA2-F5D3-486C-9859-D838F13CC5A0}.Release|x64.ActiveCfg = Release|x64
		{3EA58CA2-F5D3-486C-9859-D838F13CC5A0}.Release|x64.Build.0 = Release|x64
		{3EA58CA2-F5D3-486C-9859-D838F13CC5A0}.Release|x86.ActiveCfg = Release|Win32
		{3EA58CA2-F5D3-486C-9859-D838F13CC5A0}.Release|x86.Build.0 = Release|Win32
		{B0F58043-2F21-40D8-A3DD-F2EB63BE3A90}.Debug|x64.ActiveCfg = Debug|x64
		{B0F58043-2F21-40D8-A3DD-F2EB63BE3A90}.Debug|x64.Build.0 = Debug|x64
		{B0F58043-2F21-40D8-A3DD-F2EB63BE3A90}.Debug|x86.ActiveCfg = Debug|Win32
		{B0F58043-2F21-40D8-A3DD-F2EB63BE3A90}.Debug|x86.Build.0 = Debug|Win32
		{B0F58043-2F21-40D8-A3DD-F2EB63BE3A90}.Release|x64.ActiveCfg = Release|x64
		{B0F58043-2F21-40D8-A3DD-F2EB63BE3A90}.Release|x64.Build.0 = Release|x64
		{B0F58043-2F21-40D8-A3DD-F2EB63BE3A90}.Release|x86.ActiveCfg = Release|Win32
		{B0F58043-2F21-40D8-A3DD-F2EB63BE3A90}.Release|x86.Build.0 = Release|Win32
	EndGlobalSection
	GlobalSection(SolutionProperties) = preSolution
		HideSolutionNode = FALSE
	EndGlobalSection
	GlobalSection(ExtensibilityGlobals) = postSolution
		SolutionGuid = {11D7B0D4-5553-4FD0-9046-EB58653E5BAE}
	EndGlobalSection
EndGlobal
